
Microsoft Visual Studio Solution File, Format Version 12.00
# Visual Studio Version 17
VisualStudioVersion = 17.8.34525.116
MinimumVisualStudioVersion = 10.0.40219.1
Project("{2150E333-8FDC-42A3-9474-1A3956D46DE8}") = "src", "src", "{AE02289E-BFC0-4D14-A202-BBF9C6A97B7E}"
EndProject
Project("{2150E333-8FDC-42A3-9474-1A3956D46DE8}") = "tools", "tools", "{27F7C6FC-27E2-4AC0-83AB-C502EEDB5D5D}"
EndProject
Project("{2150E333-8FDC-42A3-9474-1A3956D46DE8}") = "test", "test", "{0366F7F2-F19F-4A5A-83F0-A4732255403B}"
EndProject
Project("{2150E333-8FDC-42A3-9474-1A3956D46DE8}") = "MicroMultitenant", "MicroMultitenant", "{24D6DE71-C32C-4619-BA3A-A0C5525F523C}"
EndProject
Project("{2150E333-8FDC-42A3-9474-1A3956D46DE8}") = "MicroAutenticathion", "MicroAutenticathion", "{DBE8429E-1C7B-4432-B3E4-B0B0C90E1FCD}"
EndProject
Project("{9A19103F-16F7-4668-BE54-9A1E7A4F7556}") = "Multitenant", "src\MicroMultitenant\Multitenant\Multitenant.csproj", "{6D5904B4-5C3E-4410-9D9D-3A569B0943BD}"
EndProject
Project("{9A19103F-16F7-4668-BE54-9A1E7A4F7556}") = "Multitenant.Application", "src\MicroMultitenant\Multitenant.Application\Multitenant.Application.csproj", "{2B246C33-6FA8-43E7-84B6-BA2097CFEB29}"
EndProject
Project("{9A19103F-16F7-4668-BE54-9A1E7A4F7556}") = "Multitenant.Domain", "src\MicroMultitenant\Multitenant.Domain\Multitenant.Domain.csproj", "{9700FDCB-8EB7-4150-904A-9C976CD63CB7}"
EndProject
Project("{9A19103F-16F7-4668-BE54-9A1E7A4F7556}") = "Multitenant.Infraestructure", "src\MicroMultitenant\Multitenant.Infraestructure\Multitenant.Infraestructure.csproj", "{E1FF1C43-296B-4579-9B3F-27BEE5A922A3}"
EndProject
Project("{FAE04EC0-301F-11D3-BF4B-00C04F79EFBC}") = "Multitenant.Application.Test", "test\Multitenant.Application.Test\Multitenant.Application.Test.csproj", "{6810DDFC-160E-449E-BBF8-3DBCAC3DB72F}"
EndProject
Global
	GlobalSection(SolutionConfigurationPlatforms) = preSolution
		Debug|Any CPU = Debug|Any CPU
		Release|Any CPU = Release|Any CPU
	EndGlobalSection
	GlobalSection(ProjectConfigurationPlatforms) = postSolution
		{6D5904B4-5C3E-4410-9D9D-3A569B0943BD}.Debug|Any CPU.ActiveCfg = Debug|Any CPU
		{6D5904B4-5C3E-4410-9D9D-3A569B0943BD}.Debug|Any CPU.Build.0 = Debug|Any CPU
		{6D5904B4-5C3E-4410-9D9D-3A569B0943BD}.Release|Any CPU.ActiveCfg = Release|Any CPU
		{6D5904B4-5C3E-4410-9D9D-3A569B0943BD}.Release|Any CPU.Build.0 = Release|Any CPU
		{2B246C33-6FA8-43E7-84B6-BA2097CFEB29}.Debug|Any CPU.ActiveCfg = Debug|Any CPU
		{2B246C33-6FA8-43E7-84B6-BA2097CFEB29}.Debug|Any CPU.Build.0 = Debug|Any CPU
		{2B246C33-6FA8-43E7-84B6-BA2097CFEB29}.Release|Any CPU.ActiveCfg = Release|Any CPU
		{2B246C33-6FA8-43E7-84B6-BA2097CFEB29}.Release|Any CPU.Build.0 = Release|Any CPU
		{9700FDCB-8EB7-4150-904A-9C976CD63CB7}.Debug|Any CPU.ActiveCfg = Debug|Any CPU
		{9700FDCB-8EB7-4150-904A-9C976CD63CB7}.Debug|Any CPU.Build.0 = Debug|Any CPU
		{9700FDCB-8EB7-4150-904A-9C976CD63CB7}.Release|Any CPU.ActiveCfg = Release|Any CPU
		{9700FDCB-8EB7-4150-904A-9C976CD63CB7}.Release|Any CPU.Build.0 = Release|Any CPU
		{E1FF1C43-296B-4579-9B3F-27BEE5A922A3}.Debug|Any CPU.ActiveCfg = Debug|Any CPU
		{E1FF1C43-296B-4579-9B3F-27BEE5A922A3}.Debug|Any CPU.Build.0 = Debug|Any CPU
		{E1FF1C43-296B-4579-9B3F-27BEE5A922A3}.Release|Any CPU.ActiveCfg = Release|Any CPU
		{E1FF1C43-296B-4579-9B3F-27BEE5A922A3}.Release|Any CPU.Build.0 = Release|Any CPU
		{6810DDFC-160E-449E-BBF8-3DBCAC3DB72F}.Debug|Any CPU.ActiveCfg = Debug|Any CPU
		{6810DDFC-160E-449E-BBF8-3DBCAC3DB72F}.Debug|Any CPU.Build.0 = Debug|Any CPU
		{6810DDFC-160E-449E-BBF8-3DBCAC3DB72F}.Release|Any CPU.ActiveCfg = Release|Any CPU
		{6810DDFC-160E-449E-BBF8-3DBCAC3DB72F}.Release|Any CPU.Build.0 = Release|Any CPU
	EndGlobalSection
	GlobalSection(SolutionProperties) = preSolution
		HideSolutionNode = FALSE
	EndGlobalSection
	GlobalSection(NestedProjects) = preSolution
		{24D6DE71-C32C-4619-BA3A-A0C5525F523C} = {AE02289E-BFC0-4D14-A202-BBF9C6A97B7E}
		{DBE8429E-1C7B-4432-B3E4-B0B0C90E1FCD} = {AE02289E-BFC0-4D14-A202-BBF9C6A97B7E}
		{6D5904B4-5C3E-4410-9D9D-3A569B0943BD} = {24D6DE71-C32C-4619-BA3A-A0C5525F523C}
		{2B246C33-6FA8-43E7-84B6-BA2097CFEB29} = {24D6DE71-C32C-4619-BA3A-A0C5525F523C}
		{9700FDCB-8EB7-4150-904A-9C976CD63CB7} = {24D6DE71-C32C-4619-BA3A-A0C5525F523C}
		{E1FF1C43-296B-4579-9B3F-27BEE5A922A3} = {24D6DE71-C32C-4619-BA3A-A0C5525F523C}
		{6810DDFC-160E-449E-BBF8-3DBCAC3DB72F} = {0366F7F2-F19F-4A5A-83F0-A4732255403B}
	EndGlobalSection
	GlobalSection(ExtensibilityGlobals) = postSolution
		SolutionGuid = {7322E980-CAD7-45F4-96D4-1E096295523F}
	EndGlobalSection
EndGlobal
