
Microsoft Visual Studio Solution File, Format Version 12.00
# Visual Studio Version 17
VisualStudioVersion = 17.8.34525.116
MinimumVisualStudioVersion = 10.0.40219.1
Project("{2150E333-8FDC-42A3-9474-1A3956D46DE8}") = "src", "src", "{AE02289E-BFC0-4D14-A202-BBF9C6A97B7E}"
EndProject
Project("{2150E333-8FDC-42A3-9474-1A3956D46DE8}") = "tools", "tools", "{27F7C6FC-27E2-4AC0-83AB-C502EEDB5D5D}"
EndProject
Project("{2150E333-8FDC-42A3-9474-1A3956D46DE8}") = "test", "test", "{0366F7F2-F19F-4A5A-83F0-A4732255403B}"
EndProject
Project("{2150E333-8FDC-42A3-9474-1A3956D46DE8}") = "MicroMultitenant", "MicroMultitenant", "{24D6DE71-C32C-4619-BA3A-A0C5525F523C}"
EndProject
Project("{2150E333-8FDC-42A3-9474-1A3956D46DE8}") = "MicroAutenticathion", "MicroAutenticathion", "{DBE8429E-1C7B-4432-B3E4-B0B0C90E1FCD}"
EndProject
Project("{9A19103F-16F7-4668-BE54-9A1E7A4F7556}") = "Multitenant", "src\MicroMultitenant\Multitenant\Multitenant.csproj", "{6D5904B4-5C3E-4410-9D9D-3A569B0943BD}"
EndProject
Project("{9A19103F-16F7-4668-BE54-9A1E7A4F7556}") = "Multitenant.Application", "src\MicroMultitenant\Multitenant.Application\Multitenant.Application.csproj", "{2B246C33-6FA8-43E7-84B6-BA2097CFEB29}"
EndProject
Project("{9A19103F-16F7-4668-BE54-9A1E7A4F7556}") = "Multitenant.Domain", "src\MicroMultitenant\Multitenant.Domain\Multitenant.Domain.csproj", "{9700FDCB-8EB7-4150-904A-9C976CD63CB7}"
EndProject
Project("{9A19103F-16F7-4668-BE54-9A1E7A4F7556}") = "Multitenant.Infraestructure", "src\MicroMultitenant\Multitenant.Infraestructure\Multitenant.Infraestructure.csproj", "{E1FF1C43-296B-4579-9B3F-27BEE5A922A3}"
EndProject
Project("{9A19103F-16F7-4668-BE54-9A1E7A4F7556}") = "Multitenant.Application.Test", "test\Multitenant.Application.Test\Multitenant.Application.Test.csproj", "{6810DDFC-160E-449E-BBF8-3DBCAC3DB72F}"
EndProject
Project("{9A19103F-16F7-4668-BE54-9A1E7A4F7556}") = "DemoAuth.Application", "src\MicroAutenticathion\DemoAuth.Application\DemoAuth.Application.csproj", "{A214DAFF-B919-4087-B838-9BBF63F562E8}"
EndProject
Project("{9A19103F-16F7-4668-BE54-9A1E7A4F7556}") = "DemoAuth.Domain", "src\MicroAutenticathion\DemoAuth.Domain\DemoAuth.Domain.csproj", "{C824768F-11D8-47C4-8528-0E0896E3B93D}"
EndProject
Project("{9A19103F-16F7-4668-BE54-9A1E7A4F7556}") = "DemoAuth.Infraestructure", "src\MicroAutenticathion\DemoAuth.Infraestructure\DemoAuth.Infraestructure.csproj", "{FA139665-2F2E-4AA7-968C-4FC6C378E321}"
EndProject
Project("{9A19103F-16F7-4668-BE54-9A1E7A4F7556}") = "DemoAuth.Api", "src\MicroAutenticathion\DemoAuth.Api\DemoAuth.Api.csproj", "{6314DFF0-FE4A-4671-B0DB-F03CE4E78AF2}"
EndProject
Project("{2150E333-8FDC-42A3-9474-1A3956D46DE8}") = "SrcBase", "SrcBase", "{6E7787B2-F921-4F7E-BA99-788E78084BC9}"
EndProject
Project("{9A19103F-16F7-4668-BE54-9A1E7A4F7556}") = "Base.Api", "src\SrcBase\Base.Api\Base.Api.csproj", "{7E0ADF2D-B16A-4819-8CA1-6C38898AE93D}"
EndProject
Project("{9A19103F-16F7-4668-BE54-9A1E7A4F7556}") = "Base.Application", "src\SrcBase\Base.Application\Base.Application.csproj", "{C14E74B0-691D-4B0E-8178-96CBD8C859A5}"
EndProject
Project("{9A19103F-16F7-4668-BE54-9A1E7A4F7556}") = "Base.Infraestructure", "src\SrcBase\Base.Infraestructure\Base.Infraestructure.csproj", "{F7A0560B-08AA-426C-87D8-ADE0CF445B03}"
EndProject
Project("{9A19103F-16F7-4668-BE54-9A1E7A4F7556}") = "Base.Domain", "src\SrcBase\Base.Domain\Base.Domain.csproj", "{C6201E9C-F34D-4E22-A617-57AB794622E0}"
EndProject
Project("{E53339B2-1760-4266-BCC7-CA923CBCF16C}") = "docker-compose", "docker-compose.dcproj", "{9AEF17A9-6CD5-40B6-834C-C20A6C8E0E9F}"
EndProject
Global
	GlobalSection(SolutionConfigurationPlatforms) = preSolution
		Debug|Any CPU = Debug|Any CPU
		Release|Any CPU = Release|Any CPU
	EndGlobalSection
	GlobalSection(ProjectConfigurationPlatforms) = postSolution
		{6D5904B4-5C3E-4410-9D9D-3A569B0943BD}.Debug|Any CPU.ActiveCfg = Debug|Any CPU
		{6D5904B4-5C3E-4410-9D9D-3A569B0943BD}.Debug|Any CPU.Build.0 = Debug|Any CPU
		{6D5904B4-5C3E-4410-9D9D-3A569B0943BD}.Release|Any CPU.ActiveCfg = Release|Any CPU
		{6D5904B4-5C3E-4410-9D9D-3A569B0943BD}.Release|Any CPU.Build.0 = Release|Any CPU
		{2B246C33-6FA8-43E7-84B6-BA2097CFEB29}.Debug|Any CPU.ActiveCfg = Debug|Any CPU
		{2B246C33-6FA8-43E7-84B6-BA2097CFEB29}.Debug|Any CPU.Build.0 = Debug|Any CPU
		{2B246C33-6FA8-43E7-84B6-BA2097CFEB29}.Release|Any CPU.ActiveCfg = Release|Any CPU
		{2B246C33-6FA8-43E7-84B6-BA2097CFEB29}.Release|Any CPU.Build.0 = Release|Any CPU
		{9700FDCB-8EB7-4150-904A-9C976CD63CB7}.Debug|Any CPU.ActiveCfg = Debug|Any CPU
		{9700FDCB-8EB7-4150-904A-9C976CD63CB7}.Debug|Any CPU.Build.0 = Debug|Any CPU
		{9700FDCB-8EB7-4150-904A-9C976CD63CB7}.Release|Any CPU.ActiveCfg = Release|Any CPU
		{9700FDCB-8EB7-4150-904A-9C976CD63CB7}.Release|Any CPU.Build.0 = Release|Any CPU
		{E1FF1C43-296B-4579-9B3F-27BEE5A922A3}.Debug|Any CPU.ActiveCfg = Debug|Any CPU
		{E1FF1C43-296B-4579-9B3F-27BEE5A922A3}.Debug|Any CPU.Build.0 = Debug|Any CPU
		{E1FF1C43-296B-4579-9B3F-27BEE5A922A3}.Release|Any CPU.ActiveCfg = Release|Any CPU
		{E1FF1C43-296B-4579-9B3F-27BEE5A922A3}.Release|Any CPU.Build.0 = Release|Any CPU
		{6810DDFC-160E-449E-BBF8-3DBCAC3DB72F}.Debug|Any CPU.ActiveCfg = Debug|Any CPU
		{6810DDFC-160E-449E-BBF8-3DBCAC3DB72F}.Debug|Any CPU.Build.0 = Debug|Any CPU
		{6810DDFC-160E-449E-BBF8-3DBCAC3DB72F}.Release|Any CPU.ActiveCfg = Release|Any CPU
		{6810DDFC-160E-449E-BBF8-3DBCAC3DB72F}.Release|Any CPU.Build.0 = Release|Any CPU
		{A214DAFF-B919-4087-B838-9BBF63F562E8}.Debug|Any CPU.ActiveCfg = Debug|Any CPU
		{A214DAFF-B919-4087-B838-9BBF63F562E8}.Debug|Any CPU.Build.0 = Debug|Any CPU
		{A214DAFF-B919-4087-B838-9BBF63F562E8}.Release|Any CPU.ActiveCfg = Release|Any CPU
		{A214DAFF-B919-4087-B838-9BBF63F562E8}.Release|Any CPU.Build.0 = Release|Any CPU
		{C824768F-11D8-47C4-8528-0E0896E3B93D}.Debug|Any CPU.ActiveCfg = Debug|Any CPU
		{C824768F-11D8-47C4-8528-0E0896E3B93D}.Debug|Any CPU.Build.0 = Debug|Any CPU
		{C824768F-11D8-47C4-8528-0E0896E3B93D}.Release|Any CPU.ActiveCfg = Release|Any CPU
		{C824768F-11D8-47C4-8528-0E0896E3B93D}.Release|Any CPU.Build.0 = Release|Any CPU
		{FA139665-2F2E-4AA7-968C-4FC6C378E321}.Debug|Any CPU.ActiveCfg = Debug|Any CPU
		{FA139665-2F2E-4AA7-968C-4FC6C378E321}.Debug|Any CPU.Build.0 = Debug|Any CPU
		{FA139665-2F2E-4AA7-968C-4FC6C378E321}.Release|Any CPU.ActiveCfg = Release|Any CPU
		{FA139665-2F2E-4AA7-968C-4FC6C378E321}.Release|Any CPU.Build.0 = Release|Any CPU
		{6314DFF0-FE4A-4671-B0DB-F03CE4E78AF2}.Debug|Any CPU.ActiveCfg = Debug|Any CPU
		{6314DFF0-FE4A-4671-B0DB-F03CE4E78AF2}.Debug|Any CPU.Build.0 = Debug|Any CPU
		{6314DFF0-FE4A-4671-B0DB-F03CE4E78AF2}.Release|Any CPU.ActiveCfg = Release|Any CPU
		{6314DFF0-FE4A-4671-B0DB-F03CE4E78AF2}.Release|Any CPU.Build.0 = Release|Any CPU
		{7E0ADF2D-B16A-4819-8CA1-6C38898AE93D}.Debug|Any CPU.ActiveCfg = Debug|Any CPU
		{7E0ADF2D-B16A-4819-8CA1-6C38898AE93D}.Debug|Any CPU.Build.0 = Debug|Any CPU
		{7E0ADF2D-B16A-4819-8CA1-6C38898AE93D}.Release|Any CPU.ActiveCfg = Release|Any CPU
		{7E0ADF2D-B16A-4819-8CA1-6C38898AE93D}.Release|Any CPU.Build.0 = Release|Any CPU
		{C14E74B0-691D-4B0E-8178-96CBD8C859A5}.Debug|Any CPU.ActiveCfg = Debug|Any CPU
		{C14E74B0-691D-4B0E-8178-96CBD8C859A5}.Debug|Any CPU.Build.0 = Debug|Any CPU
		{C14E74B0-691D-4B0E-8178-96CBD8C859A5}.Release|Any CPU.ActiveCfg = Release|Any CPU
		{C14E74B0-691D-4B0E-8178-96CBD8C859A5}.Release|Any CPU.Build.0 = Release|Any CPU
		{F7A0560B-08AA-426C-87D8-ADE0CF445B03}.Debug|Any CPU.ActiveCfg = Debug|Any CPU
		{F7A0560B-08AA-426C-87D8-ADE0CF445B03}.Debug|Any CPU.Build.0 = Debug|Any CPU
		{F7A0560B-08AA-426C-87D8-ADE0CF445B03}.Release|Any CPU.ActiveCfg = Release|Any CPU
		{F7A0560B-08AA-426C-87D8-ADE0CF445B03}.Release|Any CPU.Build.0 = Release|Any CPU
		{C6201E9C-F34D-4E22-A617-57AB794622E0}.Debug|Any CPU.ActiveCfg = Debug|Any CPU
		{C6201E9C-F34D-4E22-A617-57AB794622E0}.Debug|Any CPU.Build.0 = Debug|Any CPU
		{C6201E9C-F34D-4E22-A617-57AB794622E0}.Release|Any CPU.ActiveCfg = Release|Any CPU
		{C6201E9C-F34D-4E22-A617-57AB794622E0}.Release|Any CPU.Build.0 = Release|Any CPU
		{9AEF17A9-6CD5-40B6-834C-C20A6C8E0E9F}.Debug|Any CPU.ActiveCfg = Debug|Any CPU
		{9AEF17A9-6CD5-40B6-834C-C20A6C8E0E9F}.Debug|Any CPU.Build.0 = Debug|Any CPU
		{9AEF17A9-6CD5-40B6-834C-C20A6C8E0E9F}.Release|Any CPU.ActiveCfg = Release|Any CPU
		{9AEF17A9-6CD5-40B6-834C-C20A6C8E0E9F}.Release|Any CPU.Build.0 = Release|Any CPU
	EndGlobalSection
	GlobalSection(SolutionProperties) = preSolution
		HideSolutionNode = FALSE
	EndGlobalSection
	GlobalSection(NestedProjects) = preSolution
		{24D6DE71-C32C-4619-BA3A-A0C5525F523C} = {AE02289E-BFC0-4D14-A202-BBF9C6A97B7E}
		{DBE8429E-1C7B-4432-B3E4-B0B0C90E1FCD} = {AE02289E-BFC0-4D14-A202-BBF9C6A97B7E}
		{6D5904B4-5C3E-4410-9D9D-3A569B0943BD} = {24D6DE71-C32C-4619-BA3A-A0C5525F523C}
		{2B246C33-6FA8-43E7-84B6-BA2097CFEB29} = {24D6DE71-C32C-4619-BA3A-A0C5525F523C}
		{9700FDCB-8EB7-4150-904A-9C976CD63CB7} = {24D6DE71-C32C-4619-BA3A-A0C5525F523C}
		{E1FF1C43-296B-4579-9B3F-27BEE5A922A3} = {24D6DE71-C32C-4619-BA3A-A0C5525F523C}
		{6810DDFC-160E-449E-BBF8-3DBCAC3DB72F} = {0366F7F2-F19F-4A5A-83F0-A4732255403B}
		{A214DAFF-B919-4087-B838-9BBF63F562E8} = {DBE8429E-1C7B-4432-B3E4-B0B0C90E1FCD}
		{C824768F-11D8-47C4-8528-0E0896E3B93D} = {DBE8429E-1C7B-4432-B3E4-B0B0C90E1FCD}
		{FA139665-2F2E-4AA7-968C-4FC6C378E321} = {DBE8429E-1C7B-4432-B3E4-B0B0C90E1FCD}
		{6314DFF0-FE4A-4671-B0DB-F03CE4E78AF2} = {DBE8429E-1C7B-4432-B3E4-B0B0C90E1FCD}
		{6E7787B2-F921-4F7E-BA99-788E78084BC9} = {AE02289E-BFC0-4D14-A202-BBF9C6A97B7E}
		{7E0ADF2D-B16A-4819-8CA1-6C38898AE93D} = {6E7787B2-F921-4F7E-BA99-788E78084BC9}
		{C14E74B0-691D-4B0E-8178-96CBD8C859A5} = {6E7787B2-F921-4F7E-BA99-788E78084BC9}
		{F7A0560B-08AA-426C-87D8-ADE0CF445B03} = {6E7787B2-F921-4F7E-BA99-788E78084BC9}
		{C6201E9C-F34D-4E22-A617-57AB794622E0} = {6E7787B2-F921-4F7E-BA99-788E78084BC9}
	EndGlobalSection
	GlobalSection(ExtensibilityGlobals) = postSolution
		SolutionGuid = {7322E980-CAD7-45F4-96D4-1E096295523F}
	EndGlobalSection
EndGlobal
